
Microsoft Visual Studio Solution File, Format Version 12.00
# Visual Studio 15
VisualStudioVersion = 15.0.26730.8
MinimumVisualStudioVersion = 10.0.40219.1
Project("{8BC9CEB8-8B4A-11D0-8D11-00A0C91BC942}") = "PaperPlane", "PaperPlane\PaperPlane.vcxproj", "{C5A31B4D-E55F-41D4-9652-EDBEE1A14121}"
EndProject
Global
	GlobalSection(SolutionConfigurationPlatforms) = preSolution
		Debug|x64 = Debug|x64
		Debug|x86 = Debug|x86
		Release|x64 = Release|x64
		Release|x86 = Release|x86
	EndGlobalSection
	GlobalSection(ProjectConfigurationPlatforms) = postSolution
		{C5A31B4D-E55F-41D4-9652-EDBEE1A14121}.Debug|x64.ActiveCfg = Debug|x64
		{C5A31B4D-E55F-41D4-9652-EDBEE1A14121}.Debug|x64.Build.0 = Debug|x64
		{C5A31B4D-E55F-41D4-9652-EDBEE1A14121}.Debug|x86.ActiveCfg = Debug|Win32
		{C5A31B4D-E55F-41D4-9652-EDBEE1A14121}.Debug|x86.Build.0 = Debug|Win32
		{C5A31B4D-E55F-41D4-9652-EDBEE1A14121}.Release|x64.ActiveCfg = Release|x64
		{C5A31B4D-E55F-41D4-9652-EDBEE1A14121}.Release|x64.Build.0 = Release|x64
		{C5A31B4D-E55F-41D4-9652-EDBEE1A14121}.Release|x86.ActiveCfg = Release|Win32
		{C5A31B4D-E55F-41D4-9652-EDBEE1A14121}.Release|x86.Build.0 = Release|Win32
	EndGlobalSection
	GlobalSection(SolutionProperties) = preSolution
		HideSolutionNode = FALSE
	EndGlobalSection
	GlobalSection(ExtensibilityGlobals) = postSolution
		SolutionGuid = {E5B32E4D-3C9C-464D-A10F-B4AD418B7E14}
	EndGlobalSection
EndGlobal
